
Microsoft Visual Studio Solution File, Format Version 12.00
# Visual Studio Version 16
VisualStudioVersion = 16.0.31424.327
MinimumVisualStudioVersion = 10.0.40219.1
Project("{FAE04EC0-301F-11D3-BF4B-00C04F79EFBC}") = "sum and sumbtract of two numbers", "sum and sumbtract of two numbers.csproj", "{47643B15-F406-49AE-B69E-31D8987C94EB}"
EndProject
Global
	GlobalSection(SolutionConfigurationPlatforms) = preSolution
		Debug|Any CPU = Debug|Any CPU
		Release|Any CPU = Release|Any CPU
	EndGlobalSection
	GlobalSection(ProjectConfigurationPlatforms) = postSolution
		{47643B15-F406-49AE-B69E-31D8987C94EB}.Debug|Any CPU.ActiveCfg = Debug|Any CPU
		{47643B15-F406-49AE-B69E-31D8987C94EB}.Debug|Any CPU.Build.0 = Debug|Any CPU
		{47643B15-F406-49AE-B69E-31D8987C94EB}.Release|Any CPU.ActiveCfg = Release|Any CPU
		{47643B15-F406-49AE-B69E-31D8987C94EB}.Release|Any CPU.Build.0 = Release|Any CPU
	EndGlobalSection
	GlobalSection(SolutionProperties) = preSolution
		HideSolutionNode = FALSE
	EndGlobalSection
	GlobalSection(ExtensibilityGlobals) = postSolution
		SolutionGuid = {9062226C-4BDB-46DF-88F6-C7DAA5046D0C}
	EndGlobalSection
EndGlobal
